<?xml version="1.0" encoding="utf-8"?>
<Project ToolsVersion="4.0" xmlns="http://schemas.microsoft.com/developer/msbuild/2003">
  <ItemGroup>
    <Filter Include="Source Files">
      <UniqueIdentifier>{4FC737F1-C7A5-4376-A066-2A32D752A2FF}</UniqueIdentifier>
      <Extensions>cpp;c;cc;cxx;def;odl;idl;hpj;bat;asm;asmx</Extensions>
    </Filter>
    <Filter Include="Header Files">
      <UniqueIdentifier>{93995380-89BD-4b04-88EB-625FBE52EBFB}</UniqueIdentifier>
      <Extensions>h;hpp;hxx;hm;inl;inc;xsd</Extensions>
    </Filter>
    <Filter Include="Resource Files">
      <UniqueIdentifier>{67DA6AB6-F800-4c08-8B7A-83BB121AAD01}</UniqueIdentifier>
      <Extensions>rc;ico;cur;bmp;dlg;rc2;rct;bin;rgs;gif;jpg;jpeg;jpe;resx;tiff;tif;png;wav;mfcribbon-ms</Extensions>
    </Filter>
    <Filter Include="Source Files\contrib">
      <UniqueIdentifier>{3d341720-402a-411c-80f4-6edd4f5aeb7c}</UniqueIdentifier>
    </Filter>
    <Filter Include="Source Files\common_src">
      <UniqueIdentifier>{dfa6b990-5631-4fe4-89a9-aa8fda7f0d13}</UniqueIdentifier>
    </Filter>
    <Filter Include="Source Files\common_src\renderer">
      <UniqueIdentifier>{c5de5417-194d-47cd-86e0-7195f992da47}</UniqueIdentifier>
    </Filter>
  </ItemGroup>
  <ItemGroup>
    <ClCompile Include="src\Application.cpp">
      <Filter>Source Files</Filter>
    </ClCompile>
    <ClCompile Include="src\main.cpp">
      <Filter>Source Files</Filter>
    </ClCompile>
    <ClCompile Include="..\common_libs\stb_image\stb_image.c">
      <Filter>Source Files\contrib</Filter>
    </ClCompile>
    <ClCompile Include="..\common_src\renderer\RenderContext.cpp">
      <Filter>Source Files\common_src\renderer</Filter>
    </ClCompile>
    <ClCompile Include="..\common_src\renderer\ShaderManager.cpp">
      <Filter>Source Files\common_src\renderer</Filter>
    </ClCompile>
    <ClCompile Include="..\common_src\renderer\Texture.cpp">
      <Filter>Source Files\common_src\renderer</Filter>
    </ClCompile>
    <ClCompile Include="..\common_src\renderer\TextureManager.cpp">
      <Filter>Source Files\common_src\renderer</Filter>
    </ClCompile>
    <ClCompile Include="..\common_src\InputHandlers.cpp">
      <Filter>Source Files\common_src</Filter>
    </ClCompile>
    <ClCompile Include="..\common_src\renderer\OculusVR.cpp">
      <Filter>Source Files\common_src\renderer</Filter>
    </ClCompile>
    <ClCompile Include="..\common_src\renderer\OVRCameraFrustum.cpp">
      <Filter>Source Files\common_src\renderer</Filter>
    </ClCompile>
    <ClCompile Include="..\common_src\renderer\Font.cpp">
      <Filter>Source Files\common_src\renderer</Filter>
    </ClCompile>
    <ClCompile Include="..\common_src\renderer\OculusVRDebug.cpp">
      <Filter>Source Files\common_src\renderer</Filter>
    </ClCompile>
    <ClCompile Include="..\common_src\Math.cpp">
      <Filter>Source Files\common_src</Filter>
    </ClCompile>
    <ClCompile Include="..\common_src\renderer\Camera.cpp">
      <Filter>Source Files\common_src\renderer</Filter>
    </ClCompile>
    <ClCompile Include="..\common_src\renderer\CameraDirector.cpp">
      <Filter>Source Files\common_src\renderer</Filter>
    </ClCompile>
    <ClCompile Include="..\common_src\renderer\OpenGL.cpp">
      <Filter>Source Files\common_src\renderer</Filter>
    </ClCompile>
    <ClCompile Include="..\common_src\Utils.cpp">
      <Filter>Source Files\common_src</Filter>
    </ClCompile>
    <ClCompile Include="..\common_src\renderer\OVRTrackerChaperone.cpp">
      <Filter>Source Files\common_src\renderer</Filter>
    </ClCompile>
  </ItemGroup>
  <ItemGroup>
    <ClInclude Include="src\Application.hpp">
      <Filter>Source Files</Filter>
    </ClInclude>
    <ClInclude Include="..\common_libs\stb_image\stb_image.h">
      <Filter>Source Files\contrib</Filter>
    </ClInclude>
    <ClInclude Include="..\common_src\renderer\OpenGL.hpp">
      <Filter>Source Files\common_src\renderer</Filter>
    </ClInclude>
    <ClInclude Include="..\common_src\renderer\RenderContext.hpp">
      <Filter>Source Files\common_src\renderer</Filter>
    </ClInclude>
    <ClInclude Include="..\common_src\renderer\ShaderManager.hpp">
      <Filter>Source Files\common_src\renderer</Filter>
    </ClInclude>
    <ClInclude Include="..\common_src\renderer\Texture.hpp">
      <Filter>Source Files\common_src\renderer</Filter>
    </ClInclude>
    <ClInclude Include="..\common_src\renderer\TextureManager.hpp">
      <Filter>Source Files\common_src\renderer</Filter>
    </ClInclude>
    <ClInclude Include="..\common_src\InputHandlers.hpp">
      <Filter>Source Files\common_src</Filter>
    </ClInclude>
    <ClInclude Include="..\common_src\renderer\OculusVR.hpp">
      <Filter>Source Files\common_src\renderer</Filter>
    </ClInclude>
    <ClInclude Include="..\common_src\renderer\OVRCameraFrustum.hpp">
      <Filter>Source Files\common_src\renderer</Filter>
    </ClInclude>
    <ClInclude Include="..\common_src\renderer\Shader.hpp">
      <Filter>Source Files\common_src\renderer</Filter>
    </ClInclude>
    <ClInclude Include="..\common_src\renderer\Font.hpp">
      <Filter>Source Files\common_src\renderer</Filter>
    </ClInclude>
    <ClInclude Include="..\common_src\renderer\OculusVRDebug.hpp">
      <Filter>Source Files\common_src\renderer</Filter>
    </ClInclude>
    <ClInclude Include="..\common_src\Math.hpp">
      <Filter>Source Files\common_src</Filter>
    </ClInclude>
    <ClInclude Include="..\common_src\renderer\Camera.hpp">
      <Filter>Source Files\common_src\renderer</Filter>
    </ClInclude>
    <ClInclude Include="..\common_src\renderer\CameraDirector.hpp">
      <Filter>Source Files\common_src\renderer</Filter>
    </ClInclude>
    <ClInclude Include="..\common_src\Utils.hpp">
      <Filter>Source Files\common_src</Filter>
    </ClInclude>
    <ClInclude Include="..\common_src\renderer\OVRTrackerChaperone.hpp">
      <Filter>Source Files\common_src\renderer</Filter>
    </ClInclude>
  </ItemGroup>
</Project>